
Microsoft Visual Studio Solution File, Format Version 12.00
# Visual Studio Version 16
VisualStudioVersion = 16.0.30907.101
MinimumVisualStudioVersion = 10.0.40219.1
Project("{FAE04EC0-301F-11D3-BF4B-00C04F79EFBC}") = "Metotlar", "Metotlar\Metotlar.csproj", "{FEB9FABF-106B-4C1D-B207-43D99592C1BD}"
EndProject
Project("{FAE04EC0-301F-11D3-BF4B-00C04F79EFBC}") = "Matematik", "Matematik\Matematik.csproj", "{739BF90C-6197-4C84-AE2D-F925233EB481}"
EndProject
Project("{FAE04EC0-301F-11D3-BF4B-00C04F79EFBC}") = "DegerVeReferansTipler", "DegerVeReferansTipler\DegerVeReferansTipler.csproj", "{73B760ED-9CA7-43E8-8545-0281DDEAB166}"
EndProject
Global
	GlobalSection(SolutionConfigurationPlatforms) = preSolution
		Debug|Any CPU = Debug|Any CPU
		Release|Any CPU = Release|Any CPU
	EndGlobalSection
	GlobalSection(ProjectConfigurationPlatforms) = postSolution
		{FEB9FABF-106B-4C1D-B207-43D99592C1BD}.Debug|Any CPU.ActiveCfg = Debug|Any CPU
		{FEB9FABF-106B-4C1D-B207-43D99592C1BD}.Debug|Any CPU.Build.0 = Debug|Any CPU
		{FEB9FABF-106B-4C1D-B207-43D99592C1BD}.Release|Any CPU.ActiveCfg = Release|Any CPU
		{FEB9FABF-106B-4C1D-B207-43D99592C1BD}.Release|Any CPU.Build.0 = Release|Any CPU
		{739BF90C-6197-4C84-AE2D-F925233EB481}.Debug|Any CPU.ActiveCfg = Debug|Any CPU
		{739BF90C-6197-4C84-AE2D-F925233EB481}.Debug|Any CPU.Build.0 = Debug|Any CPU
		{739BF90C-6197-4C84-AE2D-F925233EB481}.Release|Any CPU.ActiveCfg = Release|Any CPU
		{739BF90C-6197-4C84-AE2D-F925233EB481}.Release|Any CPU.Build.0 = Release|Any CPU
		{73B760ED-9CA7-43E8-8545-0281DDEAB166}.Debug|Any CPU.ActiveCfg = Debug|Any CPU
		{73B760ED-9CA7-43E8-8545-0281DDEAB166}.Debug|Any CPU.Build.0 = Debug|Any CPU
		{73B760ED-9CA7-43E8-8545-0281DDEAB166}.Release|Any CPU.ActiveCfg = Release|Any CPU
		{73B760ED-9CA7-43E8-8545-0281DDEAB166}.Release|Any CPU.Build.0 = Release|Any CPU
	EndGlobalSection
	GlobalSection(SolutionProperties) = preSolution
		HideSolutionNode = FALSE
	EndGlobalSection
	GlobalSection(ExtensibilityGlobals) = postSolution
		SolutionGuid = {F6579F70-979A-4CE6-BC12-57D8767DDD70}
	EndGlobalSection
EndGlobal
